PODS:
  - Flutter (1.0.0)
  - flutter_plugin_demo2 (0.0.1):
    - Flutter

DEPENDENCIES:
  - Flutter (from `Flutter`)
  - flutter_plugin_demo2 (from `.symlinks/plugins/flutter_plugin_demo2/ios`)

EXTERNAL SOURCES:
  Flutter:
    :path: Flutter
  flutter_plugin_demo2:
    :path: ".symlinks/plugins/flutter_plugin_demo2/ios"

SPEC CHECKSUMS:
  Flutter: f04841e97a9d0b0a8025694d0796dd46242b2854
  flutter_plugin_demo2: 34f4ee0cddca9cb3f4c4753b4ac9b32e5f006ab4

PODFILE CHECKSUM: 02caaa843f6501172c0d470d80e72f61175c8b93

COCOAPODS: 1.13.0
